
Microsoft Visual Studio Solution File, Format Version 12.00
# Visual Studio Version 17
VisualStudioVersion = 17.8.34322.80
MinimumVisualStudioVersion = 10.0.40219.1
Project("{FAE04EC0-301F-11D3-BF4B-00C04F79EFBC}") = "NDAccountManager.Core", "NDAccountManager.Core\NDAccountManager.Core.csproj", "{A1CC4E60-0762-4DB7-B517-FA6301A0E08E}"
EndProject
Project("{FAE04EC0-301F-11D3-BF4B-00C04F79EFBC}") = "NDAccountManager.Repository", "NDAccountManager.Repository\NDAccountManager.Repository.csproj", "{1BBE5F02-C9BB-44A7-ADA8-8B9DC4AEC45D}"
EndProject
Project("{FAE04EC0-301F-11D3-BF4B-00C04F79EFBC}") = "NDAccountManager.Service", "NDAccountManager.Service\NDAccountManager.Service.csproj", "{126A5E19-6763-4D5F-B0E0-19F24CE50492}"
EndProject
Project("{FAE04EC0-301F-11D3-BF4B-00C04F79EFBC}") = "NDAccountManager.API", "NDAccountManager.API\NDAccountManager.API.csproj", "{308A0462-BF07-4492-BD4C-5331AF00DDDE}"
EndProject
Global
	GlobalSection(SolutionConfigurationPlatforms) = preSolution
		Debug|Any CPU = Debug|Any CPU
		Release|Any CPU = Release|Any CPU
	EndGlobalSection
	GlobalSection(ProjectConfigurationPlatforms) = postSolution
		{A1CC4E60-0762-4DB7-B517-FA6301A0E08E}.Debug|Any CPU.ActiveCfg = Debug|Any CPU
		{A1CC4E60-0762-4DB7-B517-FA6301A0E08E}.Debug|Any CPU.Build.0 = Debug|Any CPU
		{A1CC4E60-0762-4DB7-B517-FA6301A0E08E}.Release|Any CPU.ActiveCfg = Release|Any CPU
		{A1CC4E60-0762-4DB7-B517-FA6301A0E08E}.Release|Any CPU.Build.0 = Release|Any CPU
		{1BBE5F02-C9BB-44A7-ADA8-8B9DC4AEC45D}.Debug|Any CPU.ActiveCfg = Debug|Any CPU
		{1BBE5F02-C9BB-44A7-ADA8-8B9DC4AEC45D}.Debug|Any CPU.Build.0 = Debug|Any CPU
		{1BBE5F02-C9BB-44A7-ADA8-8B9DC4AEC45D}.Release|Any CPU.ActiveCfg = Release|Any CPU
		{1BBE5F02-C9BB-44A7-ADA8-8B9DC4AEC45D}.Release|Any CPU.Build.0 = Release|Any CPU
		{126A5E19-6763-4D5F-B0E0-19F24CE50492}.Debug|Any CPU.ActiveCfg = Debug|Any CPU
		{126A5E19-6763-4D5F-B0E0-19F24CE50492}.Debug|Any CPU.Build.0 = Debug|Any CPU
		{126A5E19-6763-4D5F-B0E0-19F24CE50492}.Release|Any CPU.ActiveCfg = Release|Any CPU
		{126A5E19-6763-4D5F-B0E0-19F24CE50492}.Release|Any CPU.Build.0 = Release|Any CPU
		{308A0462-BF07-4492-BD4C-5331AF00DDDE}.Debug|Any CPU.ActiveCfg = Debug|Any CPU
		{308A0462-BF07-4492-BD4C-5331AF00DDDE}.Debug|Any CPU.Build.0 = Debug|Any CPU
		{308A0462-BF07-4492-BD4C-5331AF00DDDE}.Release|Any CPU.ActiveCfg = Release|Any CPU
		{308A0462-BF07-4492-BD4C-5331AF00DDDE}.Release|Any CPU.Build.0 = Release|Any CPU
	EndGlobalSection
	GlobalSection(SolutionProperties) = preSolution
		HideSolutionNode = FALSE
	EndGlobalSection
	GlobalSection(ExtensibilityGlobals) = postSolution
		SolutionGuid = {01E09581-6E69-4B22-9EC3-189FD6483D66}
	EndGlobalSection
EndGlobal
